
Microsoft Visual Studio Solution File, Format Version 12.00
# Visual Studio Version 17
VisualStudioVersion = 17.5.002.0
MinimumVisualStudioVersion = 10.0.40219.1
Project("{9A19103F-16F7-4668-BE54-9A1E7A4F7556}") = "FinalProject", "FinalProject\FinalProject.csproj", "{9812378F-2EDB-44FD-AE4F-6E658B6D146D}"
EndProject
Project("{9A19103F-16F7-4668-BE54-9A1E7A4F7556}") = "Foundation1", "Foundation1\Foundation1.csproj", "{26D6DB67-9360-4692-8CCD-940803DB2E43}"
EndProject
Project("{9A19103F-16F7-4668-BE54-9A1E7A4F7556}") = "Foundation2", "Foundation2\Foundation2.csproj", "{5C46E461-216D-4659-BA82-2D12DB6A34DD}"
EndProject
Project("{9A19103F-16F7-4668-BE54-9A1E7A4F7556}") = "Foundation3", "Foundation3\Foundation3.csproj", "{6A3687A1-4FE0-4676-9EB5-8981172CD46D}"
EndProject
Project("{9A19103F-16F7-4668-BE54-9A1E7A4F7556}") = "Foundation4", "Foundation4\Foundation4.csproj", "{F1C0C1E9-3AF5-4C60-90B6-248E65686145}"
EndProject
Global
	GlobalSection(SolutionConfigurationPlatforms) = preSolution
		Debug|Any CPU = Debug|Any CPU
		Release|Any CPU = Release|Any CPU
	EndGlobalSection
	GlobalSection(ProjectConfigurationPlatforms) = postSolution
		{9812378F-2EDB-44FD-AE4F-6E658B6D146D}.Debug|Any CPU.ActiveCfg = Debug|Any CPU
		{9812378F-2EDB-44FD-AE4F-6E658B6D146D}.Debug|Any CPU.Build.0 = Debug|Any CPU
		{9812378F-2EDB-44FD-AE4F-6E658B6D146D}.Release|Any CPU.ActiveCfg = Release|Any CPU
		{9812378F-2EDB-44FD-AE4F-6E658B6D146D}.Release|Any CPU.Build.0 = Release|Any CPU
		{26D6DB67-9360-4692-8CCD-940803DB2E43}.Debug|Any CPU.ActiveCfg = Debug|Any CPU
		{26D6DB67-9360-4692-8CCD-940803DB2E43}.Debug|Any CPU.Build.0 = Debug|Any CPU
		{26D6DB67-9360-4692-8CCD-940803DB2E43}.Release|Any CPU.ActiveCfg = Release|Any CPU
		{26D6DB67-9360-4692-8CCD-940803DB2E43}.Release|Any CPU.Build.0 = Release|Any CPU
		{5C46E461-216D-4659-BA82-2D12DB6A34DD}.Debug|Any CPU.ActiveCfg = Debug|Any CPU
		{5C46E461-216D-4659-BA82-2D12DB6A34DD}.Debug|Any CPU.Build.0 = Debug|Any CPU
		{5C46E461-216D-4659-BA82-2D12DB6A34DD}.Release|Any CPU.ActiveCfg = Release|Any CPU
		{5C46E461-216D-4659-BA82-2D12DB6A34DD}.Release|Any CPU.Build.0 = Release|Any CPU
		{6A3687A1-4FE0-4676-9EB5-8981172CD46D}.Debug|Any CPU.ActiveCfg = Debug|Any CPU
		{6A3687A1-4FE0-4676-9EB5-8981172CD46D}.Debug|Any CPU.Build.0 = Debug|Any CPU
		{6A3687A1-4FE0-4676-9EB5-8981172CD46D}.Release|Any CPU.ActiveCfg = Release|Any CPU
		{6A3687A1-4FE0-4676-9EB5-8981172CD46D}.Release|Any CPU.Build.0 = Release|Any CPU
		{F1C0C1E9-3AF5-4C60-90B6-248E65686145}.Debug|Any CPU.ActiveCfg = Debug|Any CPU
		{F1C0C1E9-3AF5-4C60-90B6-248E65686145}.Debug|Any CPU.Build.0 = Debug|Any CPU
		{F1C0C1E9-3AF5-4C60-90B6-248E65686145}.Release|Any CPU.ActiveCfg = Release|Any CPU
		{F1C0C1E9-3AF5-4C60-90B6-248E65686145}.Release|Any CPU.Build.0 = Release|Any CPU
	EndGlobalSection
	GlobalSection(SolutionProperties) = preSolution
		HideSolutionNode = FALSE
	EndGlobalSection
	GlobalSection(ExtensibilityGlobals) = postSolution
		SolutionGuid = {6A62CF20-7A30-423D-A568-B510FAF22120}
	EndGlobalSection
EndGlobal
